// !$*UTF8*$!
{
	archiveVersion = 1;
	classes = {
	};
	objectVersion = 56;
	objects = {

/* Begin PBXBuildFile section */
		000031C32BEF8104002649A9 /* Model.swift in Sources */ = {isa = PBXBuildFile; fileRef = 000031C22BEF8104002649A9 /* Model.swift */; };
		0008F6992BDB4A500089B2A5 /* TRContent.swift in Sources */ = {isa = PBXBuildFile; fileRef = 0008F6982BDB4A500089B2A5 /* TRContent.swift */; };
		0011FDC22BDA333100D39681 /* iphone_portrait.pdf in Resources */ = {isa = PBXBuildFile; fileRef = 0011FDC12BDA333100D39681 /* iphone_portrait.pdf */; };
		0011FDC42BDA33D800D39681 /* TRRender.swift in Sources */ = {isa = PBXBuildFile; fileRef = 0011FDC32BDA33D800D39681 /* TRRender.swift */; };
		0011FDC62BDA37A700D39681 /* avv.pdf in Resources */ = {isa = PBXBuildFile; fileRef = 0011FDC52BDA37A700D39681 /* avv.pdf */; };
		0011FDC82BDA3FD300D39681 /* TRImage.swift in Sources */ = {isa = PBXBuildFile; fileRef = 0011FDC72BDA3FD300D39681 /* TRImage.swift */; };
		0020BE892BEE28EA004B3125 /* TRView.swift in Sources */ = {isa = PBXBuildFile; fileRef = 0020BE882BEE28EA004B3125 /* TRView.swift */; };
		0020BE8A2BEE2FE0004B3125 /* TRRendable.swift in Sources */ = {isa = PBXBuildFile; fileRef = 000B5AB02BDA62ED00F8CFD9 /* TRRendable.swift */; };
		0020BE8B2BEE2FE0004B3125 /* TRText.swift in Sources */ = {isa = PBXBuildFile; fileRef = 00CBC6672BA02C2200A67F82 /* TRText.swift */; };
		0020BE8E2BEE2FE0004B3125 /* TRRuby.swift in Sources */ = {isa = PBXBuildFile; fileRef = 00BE5ACF2BEB666A007361C2 /* TRRuby.swift */; };
		0020BE8F2BEE2FE0004B3125 /* TRRunDelegate.swift in Sources */ = {isa = PBXBuildFile; fileRef = 0008F69A2BDB50EE0089B2A5 /* TRRunDelegate.swift */; };
		0020BE942BEE306F004B3125 /* Content.swift in Sources */ = {isa = PBXBuildFile; fileRef = 0020BE932BEE306F004B3125 /* Content.swift */; };
		005319F32BDE507E007B8C60 /* DINPRO-BOLD.OTF in Resources */ = {isa = PBXBuildFile; fileRef = 005319F22BDE5021007B8C60 /* DINPRO-BOLD.OTF */; };
		005319F52BDE5289007B8C60 /* avd.pdf in Resources */ = {isa = PBXBuildFile; fileRef = 005319F42BDE5289007B8C60 /* avd.pdf */; };
		007A90432BF458C2003F57F0 /* Modify.swift in Sources */ = {isa = PBXBuildFile; fileRef = 007A90422BF458C2003F57F0 /* Modify.swift */; };
		0092750A2BF4CC510095B34C /* Reource.swift in Sources */ = {isa = PBXBuildFile; fileRef = 009275092BF4CC510095B34C /* Reource.swift */; };
		00BE5AC92BEB6057007361C2 /* emoji.pdf in Resources */ = {isa = PBXBuildFile; fileRef = 00BE5AC32BEB6056007361C2 /* emoji.pdf */; };
		00BE5ACA2BEB6057007361C2 /* more.pdf in Resources */ = {isa = PBXBuildFile; fileRef = 00BE5AC42BEB6056007361C2 /* more.pdf */; };
		00BE5ACB2BEB6057007361C2 /* mic.pdf in Resources */ = {isa = PBXBuildFile; fileRef = 00BE5AC52BEB6056007361C2 /* mic.pdf */; };
		00BE5ACC2BEB6057007361C2 /* msg.pdf in Resources */ = {isa = PBXBuildFile; fileRef = 00BE5AC62BEB6056007361C2 /* msg.pdf */; };
		00BE5ACD2BEB6057007361C2 /* list.pdf in Resources */ = {isa = PBXBuildFile; fileRef = 00BE5AC72BEB6056007361C2 /* list.pdf */; };
		00BE5ACE2BEB6057007361C2 /* gift.pdf in Resources */ = {isa = PBXBuildFile; fileRef = 00BE5AC82BEB6056007361C2 /* gift.pdf */; };
		00C51A5F2BA84CB20024EA3E /* TViewController.swift in Sources */ = {isa = PBXBuildFile; fileRef = 00C51A5E2BA84CB20024EA3E /* TViewController.swift */; };
		00CBC6542BA02BFB00A67F82 /* AppDelegate.swift in Sources */ = {isa = PBXBuildFile; fileRef = 00CBC6532BA02BFB00A67F82 /* AppDelegate.swift */; };
		00CBC6582BA02BFB00A67F82 /* ViewController.swift in Sources */ = {isa = PBXBuildFile; fileRef = 00CBC6572BA02BFB00A67F82 /* ViewController.swift */; };
		00CBC65B2BA02BFB00A67F82 /* Main.storyboard in Resources */ = {isa = PBXBuildFile; fileRef = 00CBC6592BA02BFB00A67F82 /* Main.storyboard */; };
		00CBC65D2BA02BFC00A67F82 /* Assets.xcassets in Resources */ = {isa = PBXBuildFile; fileRef = 00CBC65C2BA02BFC00A67F82 /* Assets.xcassets */; };
		00CBC6602BA02BFC00A67F82 /* LaunchScreen.storyboard in Resources */ = {isa = PBXBuildFile; fileRef = 00CBC65E2BA02BFC00A67F82 /* LaunchScreen.storyboard */; };
/* End PBXBuildFile section */

/* Begin PBXFileReference section */
		000031C22BEF8104002649A9 /* Model.swift */ = {isa = PBXFileReference; lastKnownFileType = sourcecode.swift; path = Model.swift; sourceTree = "<group>"; };
		0008F6982BDB4A500089B2A5 /* TRContent.swift */ = {isa = PBXFileReference; lastKnownFileType = sourcecode.swift; path = TRContent.swift; sourceTree = "<group>"; };
		0008F69A2BDB50EE0089B2A5 /* TRRunDelegate.swift */ = {isa = PBXFileReference; lastKnownFileType = sourcecode.swift; path = TRRunDelegate.swift; sourceTree = "<group>"; };
		000B5AB02BDA62ED00F8CFD9 /* TRRendable.swift */ = {isa = PBXFileReference; lastKnownFileType = sourcecode.swift; path = TRRendable.swift; sourceTree = "<group>"; };
		0011FDC12BDA333100D39681 /* iphone_portrait.pdf */ = {isa = PBXFileReference; lastKnownFileType = image.pdf; path = iphone_portrait.pdf; sourceTree = "<group>"; };
		0011FDC32BDA33D800D39681 /* TRRender.swift */ = {isa = PBXFileReference; lastKnownFileType = sourcecode.swift; path = TRRender.swift; sourceTree = "<group>"; };
		0011FDC52BDA37A700D39681 /* avv.pdf */ = {isa = PBXFileReference; lastKnownFileType = image.pdf; path = avv.pdf; sourceTree = "<group>"; };
		0011FDC72BDA3FD300D39681 /* TRImage.swift */ = {isa = PBXFileReference; lastKnownFileType = sourcecode.swift; path = TRImage.swift; sourceTree = "<group>"; };
		0020BE882BEE28EA004B3125 /* TRView.swift */ = {isa = PBXFileReference; lastKnownFileType = sourcecode.swift; path = TRView.swift; sourceTree = "<group>"; };
		0020BE932BEE306F004B3125 /* Content.swift */ = {isa = PBXFileReference; lastKnownFileType = sourcecode.swift; path = Content.swift; sourceTree = "<group>"; };
		005319F22BDE5021007B8C60 /* DINPRO-BOLD.OTF */ = {isa = PBXFileReference; lastKnownFileType = file; path = "DINPRO-BOLD.OTF"; sourceTree = "<group>"; };
		005319F42BDE5289007B8C60 /* avd.pdf */ = {isa = PBXFileReference; lastKnownFileType = image.pdf; path = avd.pdf; sourceTree = "<group>"; };
		007A90422BF458C2003F57F0 /* Modify.swift */ = {isa = PBXFileReference; lastKnownFileType = sourcecode.swift; path = Modify.swift; sourceTree = "<group>"; };
		009275092BF4CC510095B34C /* Reource.swift */ = {isa = PBXFileReference; lastKnownFileType = sourcecode.swift; path = Reource.swift; sourceTree = "<group>"; };
		00BE5AC32BEB6056007361C2 /* emoji.pdf */ = {isa = PBXFileReference; lastKnownFileType = image.pdf; path = emoji.pdf; sourceTree = "<group>"; };
		00BE5AC42BEB6056007361C2 /* more.pdf */ = {isa = PBXFileReference; lastKnownFileType = image.pdf; path = more.pdf; sourceTree = "<group>"; };
		00BE5AC52BEB6056007361C2 /* mic.pdf */ = {isa = PBXFileReference; lastKnownFileType = image.pdf; path = mic.pdf; sourceTree = "<group>"; };
		00BE5AC62BEB6056007361C2 /* msg.pdf */ = {isa = PBXFileReference; lastKnownFileType = image.pdf; path = msg.pdf; sourceTree = "<group>"; };
		00BE5AC72BEB6056007361C2 /* list.pdf */ = {isa = PBXFileReference; lastKnownFileType = image.pdf; path = list.pdf; sourceTree = "<group>"; };
		00BE5AC82BEB6056007361C2 /* gift.pdf */ = {isa = PBXFileReference; lastKnownFileType = image.pdf; path = gift.pdf; sourceTree = "<group>"; };
		00BE5ACF2BEB666A007361C2 /* TRRuby.swift */ = {isa = PBXFileReference; lastKnownFileType = sourcecode.swift; path = TRRuby.swift; sourceTree = "<group>"; };
		00C51A5E2BA84CB20024EA3E /* TViewController.swift */ = {isa = PBXFileReference; lastKnownFileType = sourcecode.swift; path = TViewController.swift; sourceTree = "<group>"; };
		00CBC6502BA02BFB00A67F82 /* TextRender.app */ = {isa = PBXFileReference; explicitFileType = wrapper.application; includeInIndex = 0; path = TextRender.app; sourceTree = BUILT_PRODUCTS_DIR; };
		00CBC6532BA02BFB00A67F82 /* AppDelegate.swift */ = {isa = PBXFileReference; lastKnownFileType = sourcecode.swift; path = AppDelegate.swift; sourceTree = "<group>"; };
		00CBC6572BA02BFB00A67F82 /* ViewController.swift */ = {isa = PBXFileReference; lastKnownFileType = sourcecode.swift; path = ViewController.swift; sourceTree = "<group>"; };
		00CBC65A2BA02BFB00A67F82 /* Base */ = {isa = PBXFileReference; lastKnownFileType = file.storyboard; name = Base; path = Base.lproj/Main.storyboard; sourceTree = "<group>"; };
		00CBC65C2BA02BFC00A67F82 /* Assets.xcassets */ = {isa = PBXFileReference; lastKnownFileType = folder.assetcatalog; path = Assets.xcassets; sourceTree = "<group>"; };
		00CBC65F2BA02BFC00A67F82 /* Base */ = {isa = PBXFileReference; lastKnownFileType = file.storyboard; name = Base; path = Base.lproj/LaunchScreen.storyboard; sourceTree = "<group>"; };
		00CBC6612BA02BFC00A67F82 /* Info.plist */ = {isa = PBXFileReference; lastKnownFileType = text.plist.xml; path = Info.plist; sourceTree = "<group>"; };
		00CBC6672BA02C2200A67F82 /* TRText.swift */ = {isa = PBXFileReference; lastKnownFileType = sourcecode.swift; path = TRText.swift; sourceTree = "<group>"; };
/* End PBXFileReference section */

/* Begin PBXFrameworksBuildPhase section */
		00CBC64D2BA02BFB00A67F82 /* Frameworks */ = {
			isa = PBXFrameworksBuildPhase;
			buildActionMask = 2147483647;
			files = (
			);
			runOnlyForDeploymentPostprocessing = 0;
		};
/* End PBXFrameworksBuildPhase section */

/* Begin PBXGroup section */
		0020BE872BEE2859004B3125 /* Text */ = {
			isa = PBXGroup;
			children = (
				000B5AB02BDA62ED00F8CFD9 /* TRRendable.swift */,
				00CBC6672BA02C2200A67F82 /* TRText.swift */,
				00BE5ACF2BEB666A007361C2 /* TRRuby.swift */,
				0008F69A2BDB50EE0089B2A5 /* TRRunDelegate.swift */,
			);
			path = Text;
			sourceTree = "<group>";
		};
		0020BE922BEE3048004B3125 /* View */ = {
			isa = PBXGroup;
			children = (
				0020BE932BEE306F004B3125 /* Content.swift */,
				007A90422BF458C2003F57F0 /* Modify.swift */,
				000031C22BEF8104002649A9 /* Model.swift */,
			);
			path = View;
			sourceTree = "<group>";
		};
		009275082BF4CC100095B34C /* Async */ = {
			isa = PBXGroup;
			children = (
				009275092BF4CC510095B34C /* Reource.swift */,
			);
			path = Async;
			sourceTree = "<group>";
		};
		00CBC6472BA02BFB00A67F82 = {
			isa = PBXGroup;
			children = (
				009275082BF4CC100095B34C /* Async */,
				0020BE922BEE3048004B3125 /* View */,
				0020BE872BEE2859004B3125 /* Text */,
				0011FDC32BDA33D800D39681 /* TRRender.swift */,
				0008F6982BDB4A500089B2A5 /* TRContent.swift */,
				0020BE882BEE28EA004B3125 /* TRView.swift */,
				0011FDC72BDA3FD300D39681 /* TRImage.swift */,
				00CBC6522BA02BFB00A67F82 /* TextRender */,
				00CBC6512BA02BFB00A67F82 /* Products */,
			);
			sourceTree = "<group>";
		};
		00CBC6512BA02BFB00A67F82 /* Products */ = {
			isa = PBXGroup;
			children = (
				00CBC6502BA02BFB00A67F82 /* TextRender.app */,
			);
			name = Products;
			sourceTree = "<group>";
		};
		00CBC6522BA02BFB00A67F82 /* TextRender */ = {
			isa = PBXGroup;
			children = (
				00CBC6532BA02BFB00A67F82 /* AppDelegate.swift */,
				00CBC6572BA02BFB00A67F82 /* ViewController.swift */,
				00C51A5E2BA84CB20024EA3E /* TViewController.swift */,
				00CBC6592BA02BFB00A67F82 /* Main.storyboard */,
				00CBC65C2BA02BFC00A67F82 /* Assets.xcassets */,
				00CBC65E2BA02BFC00A67F82 /* LaunchScreen.storyboard */,
				00CBC6612BA02BFC00A67F82 /* Info.plist */,
				005319F22BDE5021007B8C60 /* DINPRO-BOLD.OTF */,
				0011FDC52BDA37A700D39681 /* avv.pdf */,
				005319F42BDE5289007B8C60 /* avd.pdf */,
				00BE5AC52BEB6056007361C2 /* mic.pdf */,
				00BE5AC32BEB6056007361C2 /* emoji.pdf */,
				00BE5AC42BEB6056007361C2 /* more.pdf */,
				00BE5AC72BEB6056007361C2 /* list.pdf */,
				00BE5AC62BEB6056007361C2 /* msg.pdf */,
				00BE5AC82BEB6056007361C2 /* gift.pdf */,
				0011FDC12BDA333100D39681 /* iphone_portrait.pdf */,
			);
			path = TextRender;
			sourceTree = "<group>";
		};
/* End PBXGroup section */

/* Begin PBXNativeTarget section */
		00CBC64F2BA02BFB00A67F82 /* TextRender */ = {
			isa = PBXNativeTarget;
			buildConfigurationList = 00CBC6642BA02BFC00A67F82 /* Build configuration list for PBXNativeTarget "TextRender" */;
			buildPhases = (
				00CBC64C2BA02BFB00A67F82 /* Sources */,
				00CBC64D2BA02BFB00A67F82 /* Frameworks */,
				00CBC64E2BA02BFB00A67F82 /* Resources */,
			);
			buildRules = (
			);
			dependencies = (
			);
			name = TextRender;
			productName = TextRender;
			productReference = 00CBC6502BA02BFB00A67F82 /* TextRender.app */;
			productType = "com.apple.product-type.application";
		};
/* End PBXNativeTarget section */

/* Begin PBXProject section */
		00CBC6482BA02BFB00A67F82 /* Project object */ = {
			isa = PBXProject;
			attributes = {
				BuildIndependentTargetsInParallel = 1;
				LastSwiftUpdateCheck = 1520;
				LastUpgradeCheck = 1520;
				TargetAttributes = {
					00CBC64F2BA02BFB00A67F82 = {
						CreatedOnToolsVersion = 15.2;
					};
				};
			};
			buildConfigurationList = 00CBC64B2BA02BFB00A67F82 /* Build configuration list for PBXProject "TextRender" */;
			compatibilityVersion = "Xcode 14.0";
			developmentRegion = en;
			hasScannedForEncodings = 0;
			knownRegions = (
				en,
				Base,
			);
			mainGroup = 00CBC6472BA02BFB00A67F82;
			productRefGroup = 00CBC6512BA02BFB00A67F82 /* Products */;
			projectDirPath = "";
			projectRoot = "";
			targets = (
				00CBC64F2BA02BFB00A67F82 /* TextRender */,
			);
		};
/* End PBXProject section */

/* Begin PBXResourcesBuildPhase section */
		00CBC64E2BA02BFB00A67F82 /* Resources */ = {
			isa = PBXResourcesBuildPhase;
			buildActionMask = 2147483647;
			files = (
				00BE5ACA2BEB6057007361C2 /* more.pdf in Resources */,
				00CBC6602BA02BFC00A67F82 /* LaunchScreen.storyboard in Resources */,
				00CBC65D2BA02BFC00A67F82 /* Assets.xcassets in Resources */,
				005319F52BDE5289007B8C60 /* avd.pdf in Resources */,
				00BE5AC92BEB6057007361C2 /* emoji.pdf in Resources */,
				00BE5ACB2BEB6057007361C2 /* mic.pdf in Resources */,
				0011FDC62BDA37A700D39681 /* avv.pdf in Resources */,
				00BE5ACC2BEB6057007361C2 /* msg.pdf in Resources */,
				00BE5ACE2BEB6057007361C2 /* gift.pdf in Resources */,
				0011FDC22BDA333100D39681 /* iphone_portrait.pdf in Resources */,
				00BE5ACD2BEB6057007361C2 /* list.pdf in Resources */,
				005319F32BDE507E007B8C60 /* DINPRO-BOLD.OTF in Resources */,
				00CBC65B2BA02BFB00A67F82 /* Main.storyboard in Resources */,
			);
			runOnlyForDeploymentPostprocessing = 0;
		};
/* End PBXResourcesBuildPhase section */

/* Begin PBXSourcesBuildPhase section */
		00CBC64C2BA02BFB00A67F82 /* Sources */ = {
			isa = PBXSourcesBuildPhase;
			buildActionMask = 2147483647;
			files = (
				000031C32BEF8104002649A9 /* Model.swift in Sources */,
				0020BE8B2BEE2FE0004B3125 /* TRText.swift in Sources */,
				00CBC6582BA02BFB00A67F82 /* ViewController.swift in Sources */,
				0020BE942BEE306F004B3125 /* Content.swift in Sources */,
				0020BE8E2BEE2FE0004B3125 /* TRRuby.swift in Sources */,
				00CBC6542BA02BFB00A67F82 /* AppDelegate.swift in Sources */,
				0092750A2BF4CC510095B34C /* Reource.swift in Sources */,
				0011FDC82BDA3FD300D39681 /* TRImage.swift in Sources */,
				007A90432BF458C2003F57F0 /* Modify.swift in Sources */,
				0020BE892BEE28EA004B3125 /* TRView.swift in Sources */,
				00C51A5F2BA84CB20024EA3E /* TViewController.swift in Sources */,
				0008F6992BDB4A500089B2A5 /* TRContent.swift in Sources */,
				0020BE8A2BEE2FE0004B3125 /* TRRendable.swift in Sources */,
				0020BE8F2BEE2FE0004B3125 /* TRRunDelegate.swift in Sources */,
				0011FDC42BDA33D800D39681 /* TRRender.swift in Sources */,
			);
			runOnlyForDeploymentPostprocessing = 0;
		};
/* End PBXSourcesBuildPhase section */

/* Begin PBXVariantGroup section */
		00CBC6592BA02BFB00A67F82 /* Main.storyboard */ = {
			isa = PBXVariantGroup;
			children = (
				00CBC65A2BA02BFB00A67F82 /* Base */,
			);
			name = Main.storyboard;
			sourceTree = "<group>";
		};
		00CBC65E2BA02BFC00A67F82 /* LaunchScreen.storyboard */ = {
			isa = PBXVariantGroup;
			children = (
				00CBC65F2BA02BFC00A67F82 /* Base */,
			);
			name = LaunchScreen.storyboard;
			sourceTree = "<group>";
		};
/* End PBXVariantGroup section */

/* Begin XCBuildConfiguration section */
		00CBC6622BA02BFC00A67F82 /* Debug */ = {
			isa = XCBuildConfiguration;
			buildSettings = {
				ALWAYS_SEARCH_USER_PATHS = NO;
				ASSETCATALOG_COMPILER_GENERATE_SWIFT_ASSET_SYMBOL_EXTENSIONS = YES;
				CLANG_ANALYZER_NONNULL = YES;
				CLANG_ANALYZER_NUMBER_OBJECT_CONVERSION = YES_AGGRESSIVE;
				CLANG_CXX_LANGUAGE_STANDARD = "gnu++20";
				CLANG_ENABLE_MODULES = YES;
				CLANG_ENABLE_OBJC_ARC = YES;
				CLANG_ENABLE_OBJC_WEAK = YES;
				CLANG_WARN_BLOCK_CAPTURE_AUTORELEASING = YES;
				CLANG_WARN_BOOL_CONVERSION = YES;
				CLANG_WARN_COMMA = YES;
				CLANG_WARN_CONSTANT_CONVERSION = YES;
				CLANG_WARN_DEPRECATED_OBJC_IMPLEMENTATIONS = YES;
				CLANG_WARN_DIRECT_OBJC_ISA_USAGE = YES_ERROR;
				CLANG_WARN_DOCUMENTATION_COMMENTS = YES;
				CLANG_WARN_EMPTY_BODY = YES;
				CLANG_WARN_ENUM_CONVERSION = YES;
				CLANG_WARN_INFINITE_RECURSION = YES;
				CLANG_WARN_INT_CONVERSION = YES;
				CLANG_WARN_NON_LITERAL_NULL_CONVERSION = YES;
				CLANG_WARN_OBJC_IMPLICIT_RETAIN_SELF = YES;
				CLANG_WARN_OBJC_LITERAL_CONVERSION = YES;
				CLANG_WARN_OBJC_ROOT_CLASS = YES_ERROR;
				CLANG_WARN_QUOTED_INCLUDE_IN_FRAMEWORK_HEADER = YES;
				CLANG_WARN_RANGE_LOOP_ANALYSIS = YES;
				CLANG_WARN_STRICT_PROTOTYPES = YES;
				CLANG_WARN_SUSPICIOUS_MOVE = YES;
				CLANG_WARN_UNGUARDED_AVAILABILITY = YES_AGGRESSIVE;
				CLANG_WARN_UNREACHABLE_CODE = YES;
				CLANG_WARN__DUPLICATE_METHOD_MATCH = YES;
				COPY_PHASE_STRIP = NO;
				DEBUG_INFORMATION_FORMAT = dwarf;
				ENABLE_STRICT_OBJC_MSGSEND = YES;
				ENABLE_TESTABILITY = YES;
				ENABLE_USER_SCRIPT_SANDBOXING = YES;
				GCC_C_LANGUAGE_STANDARD = gnu17;
				GCC_DYNAMIC_NO_PIC = NO;
				GCC_NO_COMMON_BLOCKS = YES;
				GCC_OPTIMIZATION_LEVEL = 0;
				GCC_PREPROCESSOR_DEFINITIONS = (
					"DEBUG=1",
					"$(inherited)",
				);
				GCC_WARN_64_TO_32_BIT_CONVERSION = YES;
				GCC_WARN_ABOUT_RETURN_TYPE = YES_ERROR;
				GCC_WARN_UNDECLARED_SELECTOR = YES;
				GCC_WARN_UNINITIALIZED_AUTOS = YES_AGGRESSIVE;
				GCC_WARN_UNUSED_FUNCTION = YES;
				GCC_WARN_UNUSED_VARIABLE = YES;
				IPHONEOS_DEPLOYMENT_TARGET = 17.2;
				LOCALIZATION_PREFERS_STRING_CATALOGS = YES;
				MTL_ENABLE_DEBUG_INFO = INCLUDE_SOURCE;
				MTL_FAST_MATH = YES;
				ONLY_ACTIVE_ARCH = YES;
				SDKROOT = iphoneos;
				SWIFT_ACTIVE_COMPILATION_CONDITIONS = "DEBUG $(inherited)";
				SWIFT_OPTIMIZATION_LEVEL = "-Onone";
			};
			name = Debug;
		};
		00CBC6632BA02BFC00A67F82 /* Release */ = {
			isa = XCBuildConfiguration;
			buildSettings = {
				ALWAYS_SEARCH_USER_PATHS = NO;
				ASSETCATALOG_COMPILER_GENERATE_SWIFT_ASSET_SYMBOL_EXTENSIONS = YES;
				CLANG_ANALYZER_NONNULL = YES;
				CLANG_ANALYZER_NUMBER_OBJECT_CONVERSION = YES_AGGRESSIVE;
				CLANG_CXX_LANGUAGE_STANDARD = "gnu++20";
				CLANG_ENABLE_MODULES = YES;
				CLANG_ENABLE_OBJC_ARC = YES;
				CLANG_ENABLE_OBJC_WEAK = YES;
				CLANG_WARN_BLOCK_CAPTURE_AUTORELEASING = YES;
				CLANG_WARN_BOOL_CONVERSION = YES;
				CLANG_WARN_COMMA = YES;
				CLANG_WARN_CONSTANT_CONVERSION = YES;
				CLANG_WARN_DEPRECATED_OBJC_IMPLEMENTATIONS = YES;
				CLANG_WARN_DIRECT_OBJC_ISA_USAGE = YES_ERROR;
				CLANG_WARN_DOCUMENTATION_COMMENTS = YES;
				CLANG_WARN_EMPTY_BODY = YES;
				CLANG_WARN_ENUM_CONVERSION = YES;
				CLANG_WARN_INFINITE_RECURSION = YES;
				CLANG_WARN_INT_CONVERSION = YES;
				CLANG_WARN_NON_LITERAL_NULL_CONVERSION = YES;
				CLANG_WARN_OBJC_IMPLICIT_RETAIN_SELF = YES;
				CLANG_WARN_OBJC_LITERAL_CONVERSION = YES;
				CLANG_WARN_OBJC_ROOT_CLASS = YES_ERROR;
				CLANG_WARN_QUOTED_INCLUDE_IN_FRAMEWORK_HEADER = YES;
				CLANG_WARN_RANGE_LOOP_ANALYSIS = YES;
				CLANG_WARN_STRICT_PROTOTYPES = YES;
				CLANG_WARN_SUSPICIOUS_MOVE = YES;
				CLANG_WARN_UNGUARDED_AVAILABILITY = YES_AGGRESSIVE;
				CLANG_WARN_UNREACHABLE_CODE = YES;
				CLANG_WARN__DUPLICATE_METHOD_MATCH = YES;
				COPY_PHASE_STRIP = NO;
				DEBUG_INFORMATION_FORMAT = "dwarf-with-dsym";
				ENABLE_NS_ASSERTIONS = NO;
				ENABLE_STRICT_OBJC_MSGSEND = YES;
				ENABLE_USER_SCRIPT_SANDBOXING = YES;
				GCC_C_LANGUAGE_STANDARD = gnu17;
				GCC_NO_COMMON_BLOCKS = YES;
				GCC_WARN_64_TO_32_BIT_CONVERSION = YES;
				GCC_WARN_ABOUT_RETURN_TYPE = YES_ERROR;
				GCC_WARN_UNDECLARED_SELECTOR = YES;
				GCC_WARN_UNINITIALIZED_AUTOS = YES_AGGRESSIVE;
				GCC_WARN_UNUSED_FUNCTION = YES;
				GCC_WARN_UNUSED_VARIABLE = YES;
				IPHONEOS_DEPLOYMENT_TARGET = 17.2;
				LOCALIZATION_PREFERS_STRING_CATALOGS = YES;
				MTL_ENABLE_DEBUG_INFO = NO;
				MTL_FAST_MATH = YES;
				SDKROOT = iphoneos;
				SWIFT_COMPILATION_MODE = wholemodule;
				VALIDATE_PRODUCT = YES;
			};
			name = Release;
		};
		00CBC6652BA02BFC00A67F82 /* Debug */ = {
			isa = XCBuildConfiguration;
			buildSettings = {
				ASSETCATALOG_COMPILER_APPICON_NAME = AppIcon;
				ASSETCATALOG_COMPILER_GLOBAL_ACCENT_COLOR_NAME = AccentColor;
				CODE_SIGN_STYLE = Automatic;
				CURRENT_PROJECT_VERSION = 1;
				DEVELOPMENT_TEAM = SM7RU5Q9UY;
				GENERATE_INFOPLIST_FILE = YES;
				INFOPLIST_FILE = TextRender/Info.plist;
				INFOPLIST_KEY_UIApplicationSupportsIndirectInputEvents = YES;
				INFOPLIST_KEY_UILaunchStoryboardName = LaunchScreen;
				INFOPLIST_KEY_UIMainStoryboardFile = Main;
				INFOPLIST_KEY_UISupportedInterfaceOrientations_iPad = "UIInterfaceOrientationPortrait UIInterfaceOrientationPortraitUpsideDown UIInterfaceOrientationLandscapeLeft UIInterfaceOrientationLandscapeRight";
				INFOPLIST_KEY_UISupportedInterfaceOrientations_iPhone = "UIInterfaceOrientationPortrait UIInterfaceOrientationLandscapeLeft UIInterfaceOrientationLandscapeRight";
				IPHONEOS_DEPLOYMENT_TARGET = 12.0;
				LD_RUNPATH_SEARCH_PATHS = (
					"$(inherited)",
					"@executable_path/Frameworks",
				);
				MARKETING_VERSION = 1.0;
				PRODUCT_BUNDLE_IDENTIFIER = com.lingxi.TextRender;
				PRODUCT_NAME = "$(TARGET_NAME)";
				SWIFT_EMIT_LOC_STRINGS = YES;
				SWIFT_VERSION = 5.0;
				TARGETED_DEVICE_FAMILY = "1,2";
			};
			name = Debug;
		};
		00CBC6662BA02BFC00A67F82 /* Release */ = {
			isa = XCBuildConfiguration;
			buildSettings = {
				ASSETCATALOG_COMPILER_APPICON_NAME = AppIcon;
				ASSETCATALOG_COMPILER_GLOBAL_ACCENT_COLOR_NAME = AccentColor;
				CODE_SIGN_STYLE = Automatic;
				CURRENT_PROJECT_VERSION = 1;
				DEVELOPMENT_TEAM = SM7RU5Q9UY;
				GENERATE_INFOPLIST_FILE = YES;
				INFOPLIST_FILE = TextRender/Info.plist;
				INFOPLIST_KEY_UIApplicationSupportsIndirectInputEvents = YES;
				INFOPLIST_KEY_UILaunchStoryboardName = LaunchScreen;
				INFOPLIST_KEY_UIMainStoryboardFile = Main;
				INFOPLIST_KEY_UISupportedInterfaceOrientations_iPad = "UIInterfaceOrientationPortrait UIInterfaceOrientationPortraitUpsideDown UIInterfaceOrientationLandscapeLeft UIInterfaceOrientationLandscapeRight";
				INFOPLIST_KEY_UISupportedInterfaceOrientations_iPhone = "UIInterfaceOrientationPortrait UIInterfaceOrientationLandscapeLeft UIInterfaceOrientationLandscapeRight";
				IPHONEOS_DEPLOYMENT_TARGET = 12.0;
				LD_RUNPATH_SEARCH_PATHS = (
					"$(inherited)",
					"@executable_path/Frameworks",
				);
				MARKETING_VERSION = 1.0;
				PRODUCT_BUNDLE_IDENTIFIER = com.lingxi.TextRender;
				PRODUCT_NAME = "$(TARGET_NAME)";
				SWIFT_EMIT_LOC_STRINGS = YES;
				SWIFT_VERSION = 5.0;
				TARGETED_DEVICE_FAMILY = "1,2";
			};
			name = Release;
		};
/* End XCBuildConfiguration section */

/* Begin XCConfigurationList section */
		00CBC64B2BA02BFB00A67F82 /* Build configuration list for PBXProject "TextRender" */ = {
			isa = XCConfigurationList;
			buildConfigurations = (
				00CBC6622BA02BFC00A67F82 /* Debug */,
				00CBC6632BA02BFC00A67F82 /* Release */,
			);
			defaultConfigurationIsVisible = 0;
			defaultConfigurationName = Release;
		};
		00CBC6642BA02BFC00A67F82 /* Build configuration list for PBXNativeTarget "TextRender" */ = {
			isa = XCConfigurationList;
			buildConfigurations = (
				00CBC6652BA02BFC00A67F82 /* Debug */,
				00CBC6662BA02BFC00A67F82 /* Release */,
			);
			defaultConfigurationIsVisible = 0;
			defaultConfigurationName = Release;
		};
/* End XCConfigurationList section */
	};
	rootObject = 00CBC6482BA02BFB00A67F82 /* Project object */;
}
